
Microsoft Visual Studio Solution File, Format Version 12.00
# Visual Studio Version 16
VisualStudioVersion = 16.0.32929.386
MinimumVisualStudioVersion = 10.0.40219.1
Project("{FAE04EC0-301F-11D3-BF4B-00C04F79EFBC}") = "Act1Riojas", "Act1Riojas\Act1Riojas.csproj", "{71E2741A-3275-494D-9EFF-A03BF9FD7A01}"
EndProject
Global
	GlobalSection(SolutionConfigurationPlatforms) = preSolution
		Debug|Any CPU = Debug|Any CPU
		Release|Any CPU = Release|Any CPU
	EndGlobalSection
	GlobalSection(ProjectConfigurationPlatforms) = postSolution
		{71E2741A-3275-494D-9EFF-A03BF9FD7A01}.Debug|Any CPU.ActiveCfg = Debug|Any CPU
		{71E2741A-3275-494D-9EFF-A03BF9FD7A01}.Debug|Any CPU.Build.0 = Debug|Any CPU
		{71E2741A-3275-494D-9EFF-A03BF9FD7A01}.Release|Any CPU.ActiveCfg = Release|Any CPU
		{71E2741A-3275-494D-9EFF-A03BF9FD7A01}.Release|Any CPU.Build.0 = Release|Any CPU
	EndGlobalSection
	GlobalSection(SolutionProperties) = preSolution
		HideSolutionNode = FALSE
	EndGlobalSection
	GlobalSection(ExtensibilityGlobals) = postSolution
		SolutionGuid = {BA1E4902-F5E7-45B2-A8DA-EE42FA13AED0}
	EndGlobalSection
EndGlobal
